
Microsoft Visual Studio Solution File, Format Version 12.00
# Visual Studio Version 17
VisualStudioVersion = 17.2.32602.215
MinimumVisualStudioVersion = 10.0.40219.1
Project("{FAE04EC0-301F-11D3-BF4B-00C04F79EFBC}") = "MyWinForm", "MyWinForm\MyWinForm.csproj", "{BAB3667D-05AC-4A2F-8DD4-A9B4A6501DDC}"
EndProject
Project("{FAE04EC0-301F-11D3-BF4B-00C04F79EFBC}") = "MyWPF", "MyWPF\MyWPF.csproj", "{FD42E84A-CCCE-49F9-9775-00F59649EC3E}"
EndProject
Global
	GlobalSection(SolutionConfigurationPlatforms) = preSolution
		Debug|Any CPU = Debug|Any CPU
		Release|Any CPU = Release|Any CPU
	EndGlobalSection
	GlobalSection(ProjectConfigurationPlatforms) = postSolution
		{BAB3667D-05AC-4A2F-8DD4-A9B4A6501DDC}.Debug|Any CPU.ActiveCfg = Debug|Any CPU
		{BAB3667D-05AC-4A2F-8DD4-A9B4A6501DDC}.Debug|Any CPU.Build.0 = Debug|Any CPU
		{BAB3667D-05AC-4A2F-8DD4-A9B4A6501DDC}.Release|Any CPU.ActiveCfg = Release|Any CPU
		{BAB3667D-05AC-4A2F-8DD4-A9B4A6501DDC}.Release|Any CPU.Build.0 = Release|Any CPU
		{FD42E84A-CCCE-49F9-9775-00F59649EC3E}.Debug|Any CPU.ActiveCfg = Debug|Any CPU
		{FD42E84A-CCCE-49F9-9775-00F59649EC3E}.Debug|Any CPU.Build.0 = Debug|Any CPU
		{FD42E84A-CCCE-49F9-9775-00F59649EC3E}.Release|Any CPU.ActiveCfg = Release|Any CPU
		{FD42E84A-CCCE-49F9-9775-00F59649EC3E}.Release|Any CPU.Build.0 = Release|Any CPU
	EndGlobalSection
	GlobalSection(SolutionProperties) = preSolution
		HideSolutionNode = FALSE
	EndGlobalSection
	GlobalSection(ExtensibilityGlobals) = postSolution
		SolutionGuid = {D8C14A42-31C2-42A6-9B01-65816F773D3F}
	EndGlobalSection
EndGlobal
